# THIS IS AN AUTOGENERATED FILE. DO NOT EDIT THIS FILE DIRECTLY.
# yarn lockfile v1


babel-helper-builder-react-jsx@^6.24.1:
  version "6.26.0"
  resolved "https://registry.yarnpkg.com/babel-helper-builder-react-jsx/-/babel-helper-builder-react-jsx-6.26.0.tgz#39ff8313b75c8b65dceff1f31d383e0ff2a408a0"
  integrity sha1-Of+DE7dci2Xc7/HzHTg+D/KkCKA=
  dependencies:
    babel-runtime "^6.26.0"
    babel-types "^6.26.0"
    esutils "^2.0.2"

babel-plugin-syntax-flow@^6.18.0:
  version "6.18.0"
  resolved "https://registry.yarnpkg.com/babel-plugin-syntax-flow/-/babel-plugin-syntax-flow-6.18.0.tgz#4c3ab20a2af26aa20cd25995c398c4eb70310c8d"
  integrity sha1-TDqyCiryaqIM0lmVw5jE63AxDI0=

babel-plugin-syntax-jsx@^6.3.13, babel-plugin-syntax-jsx@^6.8.0:
  version "6.18.0"
  resolved "https://registry.yarnpkg.com/babel-plugin-syntax-jsx/-/babel-plugin-syntax-jsx-6.18.0.tgz#0af32a9a6e13ca7a3fd5069e62d7b0f58d0d8946"
  integrity sha1-CvMqmm4Tyno/1QaeYtew9Y0NiUY=

babel-plugin-transform-flow-strip-types@^6.22.0:
  version "6.22.0"
  resolved "https://registry.yarnpkg.com/babel-plugin-transform-flow-strip-types/-/babel-plugin-transform-flow-strip-types-6.22.0.tgz#84cb672935d43714fdc32bce84568d87441cf7cf"
  integrity sha1-hMtnKTXUNxT9wyvOhFaNh0Qc988=
  dependencies:
    babel-plugin-syntax-flow "^6.18.0"
    babel-runtime "^6.22.0"

babel-plugin-transform-react-display-name@^6.23.0:
  version "6.25.0"
  resolved "https://registry.yarnpkg.com/babel-plugin-transform-react-display-name/-/babel-plugin-transform-react-display-name-6.25.0.tgz#67e2bf1f1e9c93ab08db96792e05392bf2cc28d1"
  integrity sha1-Z+K/Hx6ck6sI25Z5LgU5K/LMKNE=
  dependencies:
    babel-runtime "^6.22.0"

babel-plugin-transform-react-jsx-self@^6.22.0:
  version "6.22.0"
  resolved "https://registry.yarnpkg.com/babel-plugin-transform-react-jsx-self/-/babel-plugin-transform-react-jsx-self-6.22.0.tgz#df6d80a9da2612a121e6ddd7558bcbecf06e636e"
  integrity sha1-322AqdomEqEh5t3XVYvL7PBuY24=
  dependencies:
    babel-plugin-syntax-jsx "^6.8.0"
    babel-runtime "^6.22.0"

babel-plugin-transform-react-jsx-source@^6.22.0:
  version "6.22.0"
  resolved "https://registry.yarnpkg.com/babel-plugin-transform-react-jsx-source/-/babel-plugin-transform-react-jsx-source-6.22.0.tgz#66ac12153f5cd2d17b3c19268f4bf0197f44ecd6"
  integrity sha1-ZqwSFT9c0tF7PBkmj0vwGX9E7NY=
  dependencies:
    babel-plugin-syntax-jsx "^6.8.0"
    babel-runtime "^6.22.0"

babel-plugin-transform-react-jsx@^6.24.1:
  version "6.24.1"
  resolved "https://registry.yarnpkg.com/babel-plugin-transform-react-jsx/-/babel-plugin-transform-react-jsx-6.24.1.tgz#840a028e7df460dfc3a2d29f0c0d91f6376e66a3"
  integrity sha1-hAoCjn30YN/DotKfDA2R9jduZqM=
  dependencies:
    babel-helper-builder-react-jsx "^6.24.1"
    babel-plugin-syntax-jsx "^6.8.0"
    babel-runtime "^6.22.0"

babel-preset-flow@^6.23.0:
  version "6.23.0"
  resolved "https://registry.yarnpkg.com/babel-preset-flow/-/babel-preset-flow-6.23.0.tgz#e71218887085ae9a24b5be4169affb599816c49d"
  integrity sha1-5xIYiHCFrpoktb5Baa/7WZgWxJ0=
  dependencies:
    babel-plugin-transform-flow-strip-types "^6.22.0"

babel-preset-react@^6.24.1:
  version "6.24.1"
  resolved "https://registry.yarnpkg.com/babel-preset-react/-/babel-preset-react-6.24.1.tgz#ba69dfaea45fc3ec639b6a4ecea6e17702c91380"
  integrity sha1-umnfrqRfw+xjm2pOzqbhdwLJE4A=
  dependencies:
    babel-plugin-syntax-jsx "^6.3.13"
    babel-plugin-transform-react-display-name "^6.23.0"
    babel-plugin-transform-react-jsx "^6.24.1"
    babel-plugin-transform-react-jsx-self "^6.22.0"
    babel-plugin-transform-react-jsx-source "^6.22.0"
    babel-preset-flow "^6.23.0"

babel-runtime@^6.22.0, babel-runtime@^6.26.0:
  version "6.26.0"
  resolved "https://registry.yarnpkg.com/babel-runtime/-/babel-runtime-6.26.0.tgz#965c7058668e82b55d7bfe04ff2337bc8b5647fe"
  integrity sha1-llxwWGaOgrVde/4E/yM3vItWR/4=
  dependencies:
    core-js "^2.4.0"
    regenerator-runtime "^0.11.0"

babel-types@^6.26.0:
  version "6.26.0"
  resolved "https://registry.yarnpkg.com/babel-types/-/babel-types-6.26.0.tgz#a3b073f94ab49eb6fa55cd65227a334380632497"
  integrity sha1-o7Bz+Uq0nrb6Vc1lInozQ4BjJJc=
  dependencies:
    babel-runtime "^6.26.0"
    esutils "^2.0.2"
    lodash "^4.17.4"
    to-fast-properties "^1.0.3"

classnames@^2.2.5:
  version "2.3.1"
  resolved "https://registry.yarnpkg.com/classnames/-/classnames-2.3.1.tgz#dfcfa3891e306ec1dad105d0e88f4417b8535e8e"
  integrity sha512-OlQdbZ7gLfGarSqxesMesDa5uz7KFbID8Kpq/SxIoNGDqY8lSYs0D+hhtBXhcdB3rcbXArFr7vlHheLk1voeNA==

core-js@^2.4.0:
  version "2.6.10"
  resolved "https://registry.yarnpkg.com/core-js/-/core-js-2.6.10.tgz#8a5b8391f8cc7013da703411ce5b585706300d7f"
  integrity sha512-I39t74+4t+zau64EN1fE5v2W31Adtc/REhzWN+gWRRXg6WH5qAsZm62DHpQ1+Yhe4047T55jvzz7MUqF/dBBlA==

esutils@^2.0.2:
  version "2.0.3"
  resolved "https://registry.yarnpkg.com/esutils/-/esutils-2.0.3.tgz#74d2eb4de0b8da1293711910d50775b9b710ef64"
  integrity sha512-kVscqXk4OCp68SZ0dkgEKVi6/8ij300KBWTJq32P/dYeWTSwK41WyTxalN1eRmA5Z9UU/LX9D7FWSmV9SAYx6g==

"js-tokens@^3.0.0 || ^4.0.0":
  version "4.0.0"
  resolved "https://registry.yarnpkg.com/js-tokens/-/js-tokens-4.0.0.tgz#19203fb59991df98e3a287050d4647cdeaf32499"
  integrity sha512-RdJUflcE3cUzKiMqQgsCu06FPu9UdIJO0beYbPhHN4k6apgJtifcoCtT9bcxOpYBtpD2kCM6Sbzg4CausW/PKQ==

lodash@^4.17.4:
  version "4.17.21"
  resolved "https://registry.yarnpkg.com/lodash/-/lodash-4.17.21.tgz#679591c564c3bffaae8454cf0b3df370c3d6911c"
  integrity sha512-v2kDEe57lecTulaDIuNTPy3Ry4gLGJ6Z1O3vE1krgXZNrsQ+LFTGHVxVjcXPs17LhbZVGedAJv8XZ1tvj5FvSg==

loose-envify@^1.1.0, loose-envify@^1.4.0:
  version "1.4.0"
  resolved "https://registry.yarnpkg.com/loose-envify/-/loose-envify-1.4.0.tgz#71ee51fa7be4caec1a63839f7e682d8132d30caf"
  integrity sha512-lyuxPGr/Wfhrlem2CL/UcnUc1zcqKAImBDzukY7Y5F/yQiNdko6+fRLevlw1HgMySw7f611UIY408EtxRSoK3Q==
  dependencies:
    js-tokens "^3.0.0 || ^4.0.0"

object-assign@^4.1.1:
  version "4.1.1"
  resolved "https://registry.yarnpkg.com/object-assign/-/object-assign-4.1.1.tgz#2109adc7965887cfc05cbbd442cac8bfbb360863"
  integrity sha1-IQmtx5ZYh8/AXLvUQsrIv7s2CGM=

prop-types@^15.6.2:
  version "15.7.2"
  resolved "https://registry.yarnpkg.com/prop-types/-/prop-types-15.7.2.tgz#52c41e75b8c87e72b9d9360e0206b99dcbffa6c5"
  integrity sha512-8QQikdH7//R2vurIJSutZ1smHYTcLpRWEOlHnzcWHmBYrOGUysKwSsrC89BCiFj3CbrfJ/nXFdJepOVrY1GCHQ==
  dependencies:
    loose-envify "^1.4.0"
    object-assign "^4.1.1"
    react-is "^16.8.1"

react-dom@^16.11.0:
  version "16.11.0"
  resolved "https://registry.yarnpkg.com/react-dom/-/react-dom-16.11.0.tgz#7e7c4a5a85a569d565c2462f5d345da2dd849af5"
  integrity sha512-nrRyIUE1e7j8PaXSPtyRKtz+2y9ubW/ghNgqKFHHAHaeP0fpF5uXR+sq8IMRHC+ZUxw7W9NyCDTBtwWxvkb0iA==
  dependencies:
    loose-envify "^1.1.0"
    object-assign "^4.1.1"
    prop-types "^15.6.2"
    scheduler "^0.17.0"

react-dom@^16.2.0:
  version "16.14.0"
  resolved "https://registry.yarnpkg.com/react-dom/-/react-dom-16.14.0.tgz#7ad838ec29a777fb3c75c3a190f661cf92ab8b89"
  integrity sha512-1gCeQXDLoIqMgqD3IO2Ah9bnf0w9kzhwN5q4FGnHZ67hBm9yePzB5JJAIQCc8x3pFnNlwFq4RidZggNAAkzWWw==
  dependencies:
    loose-envify "^1.1.0"
    object-assign "^4.1.1"
    prop-types "^15.6.2"
    scheduler "^0.19.1"

react-is@^16.8.1:
  version "16.11.0"
  resolved "https://registry.yarnpkg.com/react-is/-/react-is-16.11.0.tgz#b85dfecd48ad1ce469ff558a882ca8e8313928fa"
  integrity sha512-gbBVYR2p8mnriqAwWx9LbuUrShnAuSCNnuPGyc7GJrMVQtPDAh8iLpv7FRuMPFb56KkaVZIYSz1PrjI9q0QPCw==

react-materialize@^2.1.4:
  version "2.6.0"
  resolved "https://registry.yarnpkg.com/react-materialize/-/react-materialize-2.6.0.tgz#656c511599c547a879c9f97e87727b5376fdfaf2"
  integrity sha512-bBxYogT/aX3WhBR9KJj6mhRTDIv3NFqnZbugShqjNC0cWc9BpeoCpLGxZ37/Rs2ca43IJBHapQIpZOUTQZM5ig==
  dependencies:
    classnames "^2.2.5"
    react "^16.2.0"
    react-dom "^16.2.0"

react@^16.2.0:
  version "16.14.0"
  resolved "https://registry.yarnpkg.com/react/-/react-16.14.0.tgz#94d776ddd0aaa37da3eda8fc5b6b18a4c9a3114d"
  integrity sha512-0X2CImDkJGApiAlcf0ODKIneSwBPhqJawOa5wCtKbu7ZECrmS26NvtSILynQ66cgkT/RJ4LidJOc3bUESwmU8g==
  dependencies:
    loose-envify "^1.1.0"
    object-assign "^4.1.1"
    prop-types "^15.6.2"

regenerator-runtime@^0.11.0:
  version "0.11.1"
  resolved "https://registry.yarnpkg.com/regenerator-runtime/-/regenerator-runtime-0.11.1.tgz#be05ad7f9bf7d22e056f9726cee5017fbf19e2e9"
  integrity sha512-MguG95oij0fC3QV3URf4V2SDYGJhJnJGqvIIgdECeODCT98wSWDAJ94SSuVpYQUoTcGUIL6L4yNB7j1DFFHSBg==

scheduler@^0.17.0:
  version "0.17.0"
  resolved "https://registry.yarnpkg.com/scheduler/-/scheduler-0.17.0.tgz#7c9c673e4ec781fac853927916d1c426b6f3ddfe"
  integrity sha512-7rro8Io3tnCPuY4la/NuI5F2yfESpnfZyT6TtkXnSWVkcu0BCDJ+8gk5ozUaFaxpIyNuWAPXrH0yFcSi28fnDA==
  dependencies:
    loose-envify "^1.1.0"
    object-assign "^4.1.1"

scheduler@^0.19.1:
  version "0.19.1"
  resolved "https://registry.yarnpkg.com/scheduler/-/scheduler-0.19.1.tgz#4f3e2ed2c1a7d65681f4c854fa8c5a1ccb40f196"
  integrity sha512-n/zwRWRYSUj0/3g/otKDRPMh6qv2SYMWNq85IEa8iZyAv8od9zDYpGSnpBEjNgcMNq6Scbu5KfIPxNF72R/2EA==
  dependencies:
    loose-envify "^1.1.0"
    object-assign "^4.1.1"

to-fast-properties@^1.0.3:
  version "1.0.3"
  resolved "https://registry.yarnpkg.com/to-fast-properties/-/to-fast-properties-1.0.3.tgz#b83571fa4d8c25b82e231b06e3a3055de4ca1a47"
  integrity sha1-uDVx+k2MJbguIxsG46MFXeTKGkc=
